
Microsoft Visual Studio Solution File, Format Version 12.00
# Visual Studio Version 17
VisualStudioVersion = 17.8.34004.107
MinimumVisualStudioVersion = 10.0.40219.1
Project("{FAE04EC0-301F-11D3-BF4B-00C04F79EFBC}") = "ReflectionIntroduction", "ReflectionIntroduction\ReflectionIntroduction.csproj", "{FEE17AC3-0920-42E5-9074-1CFE6081557B}"
EndProject
Project("{FAE04EC0-301F-11D3-BF4B-00C04F79EFBC}") = "ReflectionIntroLibrary", "ReflectionIntroLibrary\ReflectionIntroLibrary.csproj", "{5ED41ED7-5B61-4B8E-AEE5-C944F9B6FC18}"
EndProject
Global
	GlobalSection(SolutionConfigurationPlatforms) = preSolution
		Debug|Any CPU = Debug|Any CPU
		Release|Any CPU = Release|Any CPU
	EndGlobalSection
	GlobalSection(ProjectConfigurationPlatforms) = postSolution
		{FEE17AC3-0920-42E5-9074-1CFE6081557B}.Debug|Any CPU.ActiveCfg = Debug|Any CPU
		{FEE17AC3-0920-42E5-9074-1CFE6081557B}.Debug|Any CPU.Build.0 = Debug|Any CPU
		{FEE17AC3-0920-42E5-9074-1CFE6081557B}.Release|Any CPU.ActiveCfg = Release|Any CPU
		{FEE17AC3-0920-42E5-9074-1CFE6081557B}.Release|Any CPU.Build.0 = Release|Any CPU
		{5ED41ED7-5B61-4B8E-AEE5-C944F9B6FC18}.Debug|Any CPU.ActiveCfg = Debug|Any CPU
		{5ED41ED7-5B61-4B8E-AEE5-C944F9B6FC18}.Debug|Any CPU.Build.0 = Debug|Any CPU
		{5ED41ED7-5B61-4B8E-AEE5-C944F9B6FC18}.Release|Any CPU.ActiveCfg = Release|Any CPU
		{5ED41ED7-5B61-4B8E-AEE5-C944F9B6FC18}.Release|Any CPU.Build.0 = Release|Any CPU
	EndGlobalSection
	GlobalSection(SolutionProperties) = preSolution
		HideSolutionNode = FALSE
	EndGlobalSection
	GlobalSection(ExtensibilityGlobals) = postSolution
		SolutionGuid = {1E3D10A7-F1A8-4CD9-929F-948A9A4233D1}
	EndGlobalSection
EndGlobal
